
Microsoft Visual Studio Solution File, Format Version 12.00
# Visual Studio Version 17
VisualStudioVersion = 17.5.002.0
MinimumVisualStudioVersion = 10.0.40219.1
Project("{9A19103F-16F7-4668-BE54-9A1E7A4F7556}") = "5.Eletiva-CSharp", "5.Eletiva-CSharp.csproj", "{1052057B-C96B-45DF-B338-3097D451368C}"
EndProject
Global
	GlobalSection(SolutionConfigurationPlatforms) = preSolution
		Debug|Any CPU = Debug|Any CPU
		Release|Any CPU = Release|Any CPU
	EndGlobalSection
	GlobalSection(ProjectConfigurationPlatforms) = postSolution
		{1052057B-C96B-45DF-B338-3097D451368C}.Debug|Any CPU.ActiveCfg = Debug|Any CPU
		{1052057B-C96B-45DF-B338-3097D451368C}.Debug|Any CPU.Build.0 = Debug|Any CPU
		{1052057B-C96B-45DF-B338-3097D451368C}.Release|Any CPU.ActiveCfg = Release|Any CPU
		{1052057B-C96B-45DF-B338-3097D451368C}.Release|Any CPU.Build.0 = Release|Any CPU
	EndGlobalSection
	GlobalSection(SolutionProperties) = preSolution
		HideSolutionNode = FALSE
	EndGlobalSection
	GlobalSection(ExtensibilityGlobals) = postSolution
		SolutionGuid = {64FF7BD1-2CF6-4E3B-8656-585F75CA4BBC}
	EndGlobalSection
EndGlobal
