
Microsoft Visual Studio Solution File, Format Version 12.00
# Visual Studio Version 17
VisualStudioVersion = 17.5.002.0
MinimumVisualStudioVersion = 10.0.40219.1
Project("{9A19103F-16F7-4668-BE54-9A1E7A4F7556}") = "5.Eletiva-CSharp", "5.Eletiva-CSharp.csproj", "{2D17F5DE-A071-4246-A2CD-570DEDAD4EA4}"
EndProject
Global
	GlobalSection(SolutionConfigurationPlatforms) = preSolution
		Debug|Any CPU = Debug|Any CPU
		Release|Any CPU = Release|Any CPU
	EndGlobalSection
	GlobalSection(ProjectConfigurationPlatforms) = postSolution
		{2D17F5DE-A071-4246-A2CD-570DEDAD4EA4}.Debug|Any CPU.ActiveCfg = Debug|Any CPU
		{2D17F5DE-A071-4246-A2CD-570DEDAD4EA4}.Debug|Any CPU.Build.0 = Debug|Any CPU
		{2D17F5DE-A071-4246-A2CD-570DEDAD4EA4}.Release|Any CPU.ActiveCfg = Release|Any CPU
		{2D17F5DE-A071-4246-A2CD-570DEDAD4EA4}.Release|Any CPU.Build.0 = Release|Any CPU
	EndGlobalSection
	GlobalSection(SolutionProperties) = preSolution
		HideSolutionNode = FALSE
	EndGlobalSection
	GlobalSection(ExtensibilityGlobals) = postSolution
		SolutionGuid = {6E489EEA-E3D5-4090-9993-F07E11E92799}
	EndGlobalSection
EndGlobal
